
Microsoft Visual Studio Solution File, Format Version 12.00
# Visual Studio Version 17
VisualStudioVersion = 17.13.35825.156
MinimumVisualStudioVersion = 10.0.40219.1
Project("{FAE04EC0-301F-11D3-BF4B-00C04F79EFBC}") = "IT-lab3", "amongus\IT-lab3.csproj", "{98487667-65DD-41BA-BB6A-3A0D1A338642}"
EndProject
Global
	GlobalSection(SolutionConfigurationPlatforms) = preSolution
		Debug|Any CPU = Debug|Any CPU
		Release|Any CPU = Release|Any CPU
	EndGlobalSection
	GlobalSection(ProjectConfigurationPlatforms) = postSolution
		{98487667-65DD-41BA-BB6A-3A0D1A338642}.Debug|Any CPU.ActiveCfg = Debug|Any CPU
		{98487667-65DD-41BA-BB6A-3A0D1A338642}.Debug|Any CPU.Build.0 = Debug|Any CPU
		{98487667-65DD-41BA-BB6A-3A0D1A338642}.Release|Any CPU.ActiveCfg = Release|Any CPU
		{98487667-65DD-41BA-BB6A-3A0D1A338642}.Release|Any CPU.Build.0 = Release|Any CPU
	EndGlobalSection
	GlobalSection(SolutionProperties) = preSolution
		HideSolutionNode = FALSE
	EndGlobalSection
	GlobalSection(ExtensibilityGlobals) = postSolution
		SolutionGuid = {966EA14E-1312-46C9-9AA0-02535D8373A9}
	EndGlobalSection
EndGlobal
